// !$*UTF8*$!
{
	archiveVersion = 1;
	classes = {
	};
	objectVersion = 56;
	objects = {

/* Begin PBXBuildFile section */
		91271C5729339743001F276D /* StuPassCodeView.swift in Sources */ = {isa = PBXBuildFile; fileRef = 91271C5629339743001F276D /* StuPassCodeView.swift */; };
		91271C5929339756001F276D /* StuPassCodeViewModel.swift in Sources */ = {isa = PBXBuildFile; fileRef = 91271C5829339756001F276D /* StuPassCodeViewModel.swift */; };
		9133650529268830001C9763 /* PreferenceViewModel.swift in Sources */ = {isa = PBXBuildFile; fileRef = 9133650429268830001C9763 /* PreferenceViewModel.swift */; };
		9133650729271F38001C9763 /* CryptoJS.js in Resources */ = {isa = PBXBuildFile; fileRef = 9133650629271F38001C9763 /* CryptoJS.js */; };
		914DAF95293CF34600BF0AFA /* HomePageView.swift in Sources */ = {isa = PBXBuildFile; fileRef = 914DAF94293CF34600BF0AFA /* HomePageView.swift */; };
		9192B3F82925018300239CF6 /* MyViewModel.swift in Sources */ = {isa = PBXBuildFile; fileRef = 9192B3F72925018300239CF6 /* MyViewModel.swift */; };
		919EB433291FE750001E59DF /* LinksViewModel.swift in Sources */ = {isa = PBXBuildFile; fileRef = 919EB432291FE750001E59DF /* LinksViewModel.swift */; };
		91B0129929140BB600DE81BE /* CQTalkApp.swift in Sources */ = {isa = PBXBuildFile; fileRef = 91B0129829140BB600DE81BE /* CQTalkApp.swift */; };
		91B0129B29140BB600DE81BE /* ContentView.swift in Sources */ = {isa = PBXBuildFile; fileRef = 91B0129A29140BB600DE81BE /* ContentView.swift */; };
		91B0129D29140BB700DE81BE /* Assets.xcassets in Resources */ = {isa = PBXBuildFile; fileRef = 91B0129C29140BB700DE81BE /* Assets.xcassets */; };
		91B012A129140BB700DE81BE /* Preview Assets.xcassets in Resources */ = {isa = PBXBuildFile; fileRef = 91B012A029140BB700DE81BE /* Preview Assets.xcassets */; };
		91B012AB29140BB700DE81BE /* CQTalkTests.swift in Sources */ = {isa = PBXBuildFile; fileRef = 91B012AA29140BB700DE81BE /* CQTalkTests.swift */; };
		91B012B529140BB700DE81BE /* CQTalkUITests.swift in Sources */ = {isa = PBXBuildFile; fileRef = 91B012B429140BB700DE81BE /* CQTalkUITests.swift */; };
		91B012B729140BB700DE81BE /* CQTalkUITestsLaunchTests.swift in Sources */ = {isa = PBXBuildFile; fileRef = 91B012B629140BB700DE81BE /* CQTalkUITestsLaunchTests.swift */; };
		91B9980929140D9B000646C1 /* AppModel.swift in Sources */ = {isa = PBXBuildFile; fileRef = 91B9980829140D9B000646C1 /* AppModel.swift */; };
		91B9980E29140DCA000646C1 /* AppViewModel.swift in Sources */ = {isa = PBXBuildFile; fileRef = 91B9980D29140DCA000646C1 /* AppViewModel.swift */; };
		91B9981729140DE0000646C1 /* LaunchScreenView.swift in Sources */ = {isa = PBXBuildFile; fileRef = 91B9981029140DDF000646C1 /* LaunchScreenView.swift */; };
		91B9981829140DE0000646C1 /* LoginView.swift in Sources */ = {isa = PBXBuildFile; fileRef = 91B9981129140DDF000646C1 /* LoginView.swift */; };
		91B9981929140DE0000646C1 /* HomeView.swift in Sources */ = {isa = PBXBuildFile; fileRef = 91B9981229140DE0000646C1 /* HomeView.swift */; };
		91B9981A29140DE0000646C1 /* PreferenceView.swift in Sources */ = {isa = PBXBuildFile; fileRef = 91B9981329140DE0000646C1 /* PreferenceView.swift */; };
		91B9981B29140DE0000646C1 /* PostSomethingView.swift in Sources */ = {isa = PBXBuildFile; fileRef = 91B9981429140DE0000646C1 /* PostSomethingView.swift */; };
		91B9981C29140DE0000646C1 /* ChatView.swift in Sources */ = {isa = PBXBuildFile; fileRef = 91B9981529140DE0000646C1 /* ChatView.swift */; };
		91B9981D29140DE0000646C1 /* MyView.swift in Sources */ = {isa = PBXBuildFile; fileRef = 91B9981629140DE0000646C1 /* MyView.swift */; };
		91B9982529140DF2000646C1 /* DailyClockInView.swift in Sources */ = {isa = PBXBuildFile; fileRef = 91B9981F29140DF1000646C1 /* DailyClockInView.swift */; };
		91B9982629140DF2000646C1 /* PostSearchView.swift in Sources */ = {isa = PBXBuildFile; fileRef = 91B9982029140DF1000646C1 /* PostSearchView.swift */; };
		91B9982729140DF2000646C1 /* VideoPlayerView.swift in Sources */ = {isa = PBXBuildFile; fileRef = 91B9982129140DF1000646C1 /* VideoPlayerView.swift */; };
		91B9982929140DF2000646C1 /* PostsView.swift in Sources */ = {isa = PBXBuildFile; fileRef = 91B9982329140DF2000646C1 /* PostsView.swift */; };
		91B9982A29140DF2000646C1 /* LinksView.swift in Sources */ = {isa = PBXBuildFile; fileRef = 91B9982429140DF2000646C1 /* LinksView.swift */; };
		91B9982D29140E06000646C1 /* QRCodeScannerView.swift in Sources */ = {isa = PBXBuildFile; fileRef = 91B9982C29140E06000646C1 /* QRCodeScannerView.swift */; };
		91CDC8622922951100B0D693 /* LoginViewModel.swift in Sources */ = {isa = PBXBuildFile; fileRef = 91CDC8612922951100B0D693 /* LoginViewModel.swift */; };
/* End PBXBuildFile section */

/* Begin PBXContainerItemProxy section */
		91B012A729140BB700DE81BE /* PBXContainerItemProxy */ = {
			isa = PBXContainerItemProxy;
			containerPortal = 91B0128D29140BB600DE81BE /* Project object */;
			proxyType = 1;
			remoteGlobalIDString = 91B0129429140BB600DE81BE;
			remoteInfo = CQTalk;
		};
		91B012B129140BB700DE81BE /* PBXContainerItemProxy */ = {
			isa = PBXContainerItemProxy;
			containerPortal = 91B0128D29140BB600DE81BE /* Project object */;
			proxyType = 1;
			remoteGlobalIDString = 91B0129429140BB600DE81BE;
			remoteInfo = CQTalk;
		};
/* End PBXContainerItemProxy section */

/* Begin PBXFileReference section */
		91271C5629339743001F276D /* StuPassCodeView.swift */ = {isa = PBXFileReference; lastKnownFileType = sourcecode.swift; path = StuPassCodeView.swift; sourceTree = "<group>"; };
		91271C5829339756001F276D /* StuPassCodeViewModel.swift */ = {isa = PBXFileReference; lastKnownFileType = sourcecode.swift; path = StuPassCodeViewModel.swift; sourceTree = "<group>"; };
		9133650429268830001C9763 /* PreferenceViewModel.swift */ = {isa = PBXFileReference; lastKnownFileType = sourcecode.swift; path = PreferenceViewModel.swift; sourceTree = "<group>"; };
		9133650629271F38001C9763 /* CryptoJS.js */ = {isa = PBXFileReference; lastKnownFileType = sourcecode.javascript; path = CryptoJS.js; sourceTree = "<group>"; };
		9133650829273155001C9763 /* Info.plist */ = {isa = PBXFileReference; lastKnownFileType = text.plist; path = Info.plist; sourceTree = "<group>"; };
		914DAF94293CF34600BF0AFA /* HomePageView.swift */ = {isa = PBXFileReference; fileEncoding = 4; lastKnownFileType = sourcecode.swift; path = HomePageView.swift; sourceTree = "<group>"; };
		9192B3F72925018300239CF6 /* MyViewModel.swift */ = {isa = PBXFileReference; lastKnownFileType = sourcecode.swift; path = MyViewModel.swift; sourceTree = "<group>"; };
		919EB432291FE750001E59DF /* LinksViewModel.swift */ = {isa = PBXFileReference; lastKnownFileType = sourcecode.swift; path = LinksViewModel.swift; sourceTree = "<group>"; };
		91B0129529140BB600DE81BE /* CQTalk.app */ = {isa = PBXFileReference; explicitFileType = wrapper.application; includeInIndex = 0; path = CQTalk.app; sourceTree = BUILT_PRODUCTS_DIR; };
		91B0129829140BB600DE81BE /* CQTalkApp.swift */ = {isa = PBXFileReference; lastKnownFileType = sourcecode.swift; path = CQTalkApp.swift; sourceTree = "<group>"; };
		91B0129A29140BB600DE81BE /* ContentView.swift */ = {isa = PBXFileReference; lastKnownFileType = sourcecode.swift; path = ContentView.swift; sourceTree = "<group>"; };
		91B0129C29140BB700DE81BE /* Assets.xcassets */ = {isa = PBXFileReference; lastKnownFileType = folder.assetcatalog; path = Assets.xcassets; sourceTree = "<group>"; };
		91B0129E29140BB700DE81BE /* CQTalk.entitlements */ = {isa = PBXFileReference; lastKnownFileType = text.plist.entitlements; path = CQTalk.entitlements; sourceTree = "<group>"; };
		91B012A029140BB700DE81BE /* Preview Assets.xcassets */ = {isa = PBXFileReference; lastKnownFileType = folder.assetcatalog; path = "Preview Assets.xcassets"; sourceTree = "<group>"; };
		91B012A629140BB700DE81BE /* CQTalkTests.xctest */ = {isa = PBXFileReference; explicitFileType = wrapper.cfbundle; includeInIndex = 0; path = CQTalkTests.xctest; sourceTree = BUILT_PRODUCTS_DIR; };
		91B012AA29140BB700DE81BE /* CQTalkTests.swift */ = {isa = PBXFileReference; lastKnownFileType = sourcecode.swift; path = CQTalkTests.swift; sourceTree = "<group>"; };
		91B012B029140BB700DE81BE /* CQTalkUITests.xctest */ = {isa = PBXFileReference; explicitFileType = wrapper.cfbundle; includeInIndex = 0; path = CQTalkUITests.xctest; sourceTree = BUILT_PRODUCTS_DIR; };
		91B012B429140BB700DE81BE /* CQTalkUITests.swift */ = {isa = PBXFileReference; lastKnownFileType = sourcecode.swift; path = CQTalkUITests.swift; sourceTree = "<group>"; };
		91B012B629140BB700DE81BE /* CQTalkUITestsLaunchTests.swift */ = {isa = PBXFileReference; lastKnownFileType = sourcecode.swift; path = CQTalkUITestsLaunchTests.swift; sourceTree = "<group>"; };
		91B9980829140D9B000646C1 /* AppModel.swift */ = {isa = PBXFileReference; fileEncoding = 4; lastKnownFileType = sourcecode.swift; path = AppModel.swift; sourceTree = "<group>"; };
		91B9980B29140DBA000646C1 /* test-video.mp4 */ = {isa = PBXFileReference; lastKnownFileType = file; path = "test-video.mp4"; sourceTree = "<group>"; };
		91B9980D29140DCA000646C1 /* AppViewModel.swift */ = {isa = PBXFileReference; fileEncoding = 4; lastKnownFileType = sourcecode.swift; path = AppViewModel.swift; sourceTree = "<group>"; };
		91B9981029140DDF000646C1 /* LaunchScreenView.swift */ = {isa = PBXFileReference; fileEncoding = 4; lastKnownFileType = sourcecode.swift; path = LaunchScreenView.swift; sourceTree = "<group>"; };
		91B9981129140DDF000646C1 /* LoginView.swift */ = {isa = PBXFileReference; fileEncoding = 4; lastKnownFileType = sourcecode.swift; path = LoginView.swift; sourceTree = "<group>"; };
		91B9981229140DE0000646C1 /* HomeView.swift */ = {isa = PBXFileReference; fileEncoding = 4; lastKnownFileType = sourcecode.swift; path = HomeView.swift; sourceTree = "<group>"; };
		91B9981329140DE0000646C1 /* PreferenceView.swift */ = {isa = PBXFileReference; fileEncoding = 4; lastKnownFileType = sourcecode.swift; path = PreferenceView.swift; sourceTree = "<group>"; };
		91B9981429140DE0000646C1 /* PostSomethingView.swift */ = {isa = PBXFileReference; fileEncoding = 4; lastKnownFileType = sourcecode.swift; path = PostSomethingView.swift; sourceTree = "<group>"; };
		91B9981529140DE0000646C1 /* ChatView.swift */ = {isa = PBXFileReference; fileEncoding = 4; lastKnownFileType = sourcecode.swift; path = ChatView.swift; sourceTree = "<group>"; };
		91B9981629140DE0000646C1 /* MyView.swift */ = {isa = PBXFileReference; fileEncoding = 4; lastKnownFileType = sourcecode.swift; path = MyView.swift; sourceTree = "<group>"; };
		91B9981F29140DF1000646C1 /* DailyClockInView.swift */ = {isa = PBXFileReference; fileEncoding = 4; lastKnownFileType = sourcecode.swift; path = DailyClockInView.swift; sourceTree = "<group>"; };
		91B9982029140DF1000646C1 /* PostSearchView.swift */ = {isa = PBXFileReference; fileEncoding = 4; lastKnownFileType = sourcecode.swift; path = PostSearchView.swift; sourceTree = "<group>"; };
		91B9982129140DF1000646C1 /* VideoPlayerView.swift */ = {isa = PBXFileReference; fileEncoding = 4; lastKnownFileType = sourcecode.swift; path = VideoPlayerView.swift; sourceTree = "<group>"; };
		91B9982329140DF2000646C1 /* PostsView.swift */ = {isa = PBXFileReference; fileEncoding = 4; lastKnownFileType = sourcecode.swift; path = PostsView.swift; sourceTree = "<group>"; };
		91B9982429140DF2000646C1 /* LinksView.swift */ = {isa = PBXFileReference; fileEncoding = 4; lastKnownFileType = sourcecode.swift; path = LinksView.swift; sourceTree = "<group>"; };
		91B9982C29140E06000646C1 /* QRCodeScannerView.swift */ = {isa = PBXFileReference; fileEncoding = 4; lastKnownFileType = sourcecode.swift; path = QRCodeScannerView.swift; sourceTree = "<group>"; };
		91CDC8612922951100B0D693 /* LoginViewModel.swift */ = {isa = PBXFileReference; lastKnownFileType = sourcecode.swift; path = LoginViewModel.swift; sourceTree = "<group>"; };
/* End PBXFileReference section */

/* Begin PBXFrameworksBuildPhase section */
		91B0129229140BB600DE81BE /* Frameworks */ = {
			isa = PBXFrameworksBuildPhase;
			buildActionMask = 2147483647;
			files = (
			);
			runOnlyForDeploymentPostprocessing = 0;
		};
		91B012A329140BB700DE81BE /* Frameworks */ = {
			isa = PBXFrameworksBuildPhase;
			buildActionMask = 2147483647;
			files = (
			);
			runOnlyForDeploymentPostprocessing = 0;
		};
		91B012AD29140BB700DE81BE /* Frameworks */ = {
			isa = PBXFrameworksBuildPhase;
			buildActionMask = 2147483647;
			files = (
			);
			runOnlyForDeploymentPostprocessing = 0;
		};
/* End PBXFrameworksBuildPhase section */

/* Begin PBXGroup section */
		911781A8292669CE0017889F /* My */ = {
			isa = PBXGroup;
			children = (
				91B9981629140DE0000646C1 /* MyView.swift */,
				91B9981329140DE0000646C1 /* PreferenceView.swift */,
			);
			path = My;
			sourceTree = "<group>";
		};
		91271C5A29339781001F276D /* Services */ = {
			isa = PBXGroup;
			children = (
			);
			path = Services;
			sourceTree = "<group>";
		};
		91B0128C29140BB600DE81BE = {
			isa = PBXGroup;
			children = (
				91B0129729140BB600DE81BE /* CQTalk */,
				91B012A929140BB700DE81BE /* CQTalkTests */,
				91B012B329140BB700DE81BE /* CQTalkUITests */,
				91B0129629140BB600DE81BE /* Products */,
			);
			sourceTree = "<group>";
		};
		91B0129629140BB600DE81BE /* Products */ = {
			isa = PBXGroup;
			children = (
				91B0129529140BB600DE81BE /* CQTalk.app */,
				91B012A629140BB700DE81BE /* CQTalkTests.xctest */,
				91B012B029140BB700DE81BE /* CQTalkUITests.xctest */,
			);
			name = Products;
			sourceTree = "<group>";
		};
		91B0129729140BB600DE81BE /* CQTalk */ = {
			isa = PBXGroup;
			children = (
				9133650829273155001C9763 /* Info.plist */,
				91271C5A29339781001F276D /* Services */,
				91B9980F29140DD0000646C1 /* Views */,
				91B9980C29140DBF000646C1 /* ViewModels */,
				91B9980A29140DA8000646C1 /* Resources */,
				91B9980729140D79000646C1 /* Models */,
				91B0129829140BB600DE81BE /* CQTalkApp.swift */,
				91B0129A29140BB600DE81BE /* ContentView.swift */,
				91B0129C29140BB700DE81BE /* Assets.xcassets */,
				91B0129E29140BB700DE81BE /* CQTalk.entitlements */,
				91B0129F29140BB700DE81BE /* Preview Content */,
			);
			path = CQTalk;
			sourceTree = "<group>";
		};
		91B0129F29140BB700DE81BE /* Preview Content */ = {
			isa = PBXGroup;
			children = (
				91B012A029140BB700DE81BE /* Preview Assets.xcassets */,
			);
			path = "Preview Content";
			sourceTree = "<group>";
		};
		91B012A929140BB700DE81BE /* CQTalkTests */ = {
			isa = PBXGroup;
			children = (
				91B012AA29140BB700DE81BE /* CQTalkTests.swift */,
			);
			path = CQTalkTests;
			sourceTree = "<group>";
		};
		91B012B329140BB700DE81BE /* CQTalkUITests */ = {
			isa = PBXGroup;
			children = (
				91B012B429140BB700DE81BE /* CQTalkUITests.swift */,
				91B012B629140BB700DE81BE /* CQTalkUITestsLaunchTests.swift */,
			);
			path = CQTalkUITests;
			sourceTree = "<group>";
		};
		91B9980729140D79000646C1 /* Models */ = {
			isa = PBXGroup;
			children = (
				91B9980829140D9B000646C1 /* AppModel.swift */,
			);
			path = Models;
			sourceTree = "<group>";
		};
		91B9980A29140DA8000646C1 /* Resources */ = {
			isa = PBXGroup;
			children = (
				91B9980B29140DBA000646C1 /* test-video.mp4 */,
				9133650629271F38001C9763 /* CryptoJS.js */,
			);
			path = Resources;
			sourceTree = "<group>";
		};
		91B9980C29140DBF000646C1 /* ViewModels */ = {
			isa = PBXGroup;
			children = (
				91B9980D29140DCA000646C1 /* AppViewModel.swift */,
				919EB432291FE750001E59DF /* LinksViewModel.swift */,
				91CDC8612922951100B0D693 /* LoginViewModel.swift */,
				9192B3F72925018300239CF6 /* MyViewModel.swift */,
				9133650429268830001C9763 /* PreferenceViewModel.swift */,
				91271C5829339756001F276D /* StuPassCodeViewModel.swift */,
			);
			path = ViewModels;
			sourceTree = "<group>";
		};
		91B9980F29140DD0000646C1 /* Views */ = {
			isa = PBXGroup;
			children = (
				911781A8292669CE0017889F /* My */,
				91B9982B29140DF8000646C1 /* QRCodeScannerViews */,
				91B9981E29140DE4000646C1 /* HomeTabViews */,
				91B9981529140DE0000646C1 /* ChatView.swift */,
				91B9981029140DDF000646C1 /* LaunchScreenView.swift */,
				91B9981129140DDF000646C1 /* LoginView.swift */,
				91B9981429140DE0000646C1 /* PostSomethingView.swift */,
				91B9981229140DE0000646C1 /* HomeView.swift */,
				91271C5629339743001F276D /* StuPassCodeView.swift */,
			);
			path = Views;
			sourceTree = "<group>";
		};
		91B9981E29140DE4000646C1 /* HomeTabViews */ = {
			isa = PBXGroup;
			children = (
				91B9981F29140DF1000646C1 /* DailyClockInView.swift */,
				914DAF94293CF34600BF0AFA /* HomePageView.swift */,
				91B9982429140DF2000646C1 /* LinksView.swift */,
				91B9982029140DF1000646C1 /* PostSearchView.swift */,
				91B9982329140DF2000646C1 /* PostsView.swift */,
				91B9982129140DF1000646C1 /* VideoPlayerView.swift */,
			);
			path = HomeTabViews;
			sourceTree = "<group>";
		};
		91B9982B29140DF8000646C1 /* QRCodeScannerViews */ = {
			isa = PBXGroup;
			children = (
				91B9982C29140E06000646C1 /* QRCodeScannerView.swift */,
			);
			path = QRCodeScannerViews;
			sourceTree = "<group>";
		};
/* End PBXGroup section */

/* Begin PBXNativeTarget section */
		91B0129429140BB600DE81BE /* CQTalk */ = {
			isa = PBXNativeTarget;
			buildConfigurationList = 91B012BA29140BB700DE81BE /* Build configuration list for PBXNativeTarget "CQTalk" */;
			buildPhases = (
				91B0129129140BB600DE81BE /* Sources */,
				91B0129229140BB600DE81BE /* Frameworks */,
				91B0129329140BB600DE81BE /* Resources */,
			);
			buildRules = (
			);
			dependencies = (
			);
			name = CQTalk;
			productName = CQTalk;
			productReference = 91B0129529140BB600DE81BE /* CQTalk.app */;
			productType = "com.apple.product-type.application";
		};
		91B012A529140BB700DE81BE /* CQTalkTests */ = {
			isa = PBXNativeTarget;
			buildConfigurationList = 91B012BD29140BB700DE81BE /* Build configuration list for PBXNativeTarget "CQTalkTests" */;
			buildPhases = (
				91B012A229140BB700DE81BE /* Sources */,
				91B012A329140BB700DE81BE /* Frameworks */,
				91B012A429140BB700DE81BE /* Resources */,
			);
			buildRules = (
			);
			dependencies = (
				91B012A829140BB700DE81BE /* PBXTargetDependency */,
			);
			name = CQTalkTests;
			productName = CQTalkTests;
			productReference = 91B012A629140BB700DE81BE /* CQTalkTests.xctest */;
			productType = "com.apple.product-type.bundle.unit-test";
		};
		91B012AF29140BB700DE81BE /* CQTalkUITests */ = {
			isa = PBXNativeTarget;
			buildConfigurationList = 91B012C029140BB700DE81BE /* Build configuration list for PBXNativeTarget "CQTalkUITests" */;
			buildPhases = (
				91B012AC29140BB700DE81BE /* Sources */,
				91B012AD29140BB700DE81BE /* Frameworks */,
				91B012AE29140BB700DE81BE /* Resources */,
			);
			buildRules = (
			);
			dependencies = (
				91B012B229140BB700DE81BE /* PBXTargetDependency */,
			);
			name = CQTalkUITests;
			productName = CQTalkUITests;
			productReference = 91B012B029140BB700DE81BE /* CQTalkUITests.xctest */;
			productType = "com.apple.product-type.bundle.ui-testing";
		};
/* End PBXNativeTarget section */

/* Begin PBXProject section */
		91B0128D29140BB600DE81BE /* Project object */ = {
			isa = PBXProject;
			attributes = {
				BuildIndependentTargetsInParallel = 1;
				LastSwiftUpdateCheck = 1400;
				LastUpgradeCheck = 1410;
				TargetAttributes = {
					91B0129429140BB600DE81BE = {
						CreatedOnToolsVersion = 14.0.1;
					};
					91B012A529140BB700DE81BE = {
						CreatedOnToolsVersion = 14.0.1;
						TestTargetID = 91B0129429140BB600DE81BE;
					};
					91B012AF29140BB700DE81BE = {
						CreatedOnToolsVersion = 14.0.1;
						TestTargetID = 91B0129429140BB600DE81BE;
					};
				};
			};
			buildConfigurationList = 91B0129029140BB600DE81BE /* Build configuration list for PBXProject "CQTalk" */;
			compatibilityVersion = "Xcode 14.0";
			developmentRegion = en;
			hasScannedForEncodings = 0;
			knownRegions = (
				en,
				Base,
			);
			mainGroup = 91B0128C29140BB600DE81BE;
			productRefGroup = 91B0129629140BB600DE81BE /* Products */;
			projectDirPath = "";
			projectRoot = "";
			targets = (
				91B0129429140BB600DE81BE /* CQTalk */,
				91B012A529140BB700DE81BE /* CQTalkTests */,
				91B012AF29140BB700DE81BE /* CQTalkUITests */,
			);
		};
/* End PBXProject section */

/* Begin PBXResourcesBuildPhase section */
		91B0129329140BB600DE81BE /* Resources */ = {
			isa = PBXResourcesBuildPhase;
			buildActionMask = 2147483647;
			files = (
				91B012A129140BB700DE81BE /* Preview Assets.xcassets in Resources */,
				91B0129D29140BB700DE81BE /* Assets.xcassets in Resources */,
				9133650729271F38001C9763 /* CryptoJS.js in Resources */,
			);
			runOnlyForDeploymentPostprocessing = 0;
		};
		91B012A429140BB700DE81BE /* Resources */ = {
			isa = PBXResourcesBuildPhase;
			buildActionMask = 2147483647;
			files = (
			);
			runOnlyForDeploymentPostprocessing = 0;
		};
		91B012AE29140BB700DE81BE /* Resources */ = {
			isa = PBXResourcesBuildPhase;
			buildActionMask = 2147483647;
			files = (
			);
			runOnlyForDeploymentPostprocessing = 0;
		};
/* End PBXResourcesBuildPhase section */

/* Begin PBXSourcesBuildPhase section */
		91B0129129140BB600DE81BE /* Sources */ = {
			isa = PBXSourcesBuildPhase;
			buildActionMask = 2147483647;
			files = (
				91B9981829140DE0000646C1 /* LoginView.swift in Sources */,
				91B9981A29140DE0000646C1 /* PreferenceView.swift in Sources */,
				91271C5729339743001F276D /* StuPassCodeView.swift in Sources */,
				91B9981D29140DE0000646C1 /* MyView.swift in Sources */,
				91B9982629140DF2000646C1 /* PostSearchView.swift in Sources */,
				9192B3F82925018300239CF6 /* MyViewModel.swift in Sources */,
				91B9982D29140E06000646C1 /* QRCodeScannerView.swift in Sources */,
				91B9981C29140DE0000646C1 /* ChatView.swift in Sources */,
				91B9982A29140DF2000646C1 /* LinksView.swift in Sources */,
				91CDC8622922951100B0D693 /* LoginViewModel.swift in Sources */,
				91B9981929140DE0000646C1 /* HomeView.swift in Sources */,
				91B9981729140DE0000646C1 /* LaunchScreenView.swift in Sources */,
				91B9981B29140DE0000646C1 /* PostSomethingView.swift in Sources */,
				91B0129B29140BB600DE81BE /* ContentView.swift in Sources */,
				91B9980929140D9B000646C1 /* AppModel.swift in Sources */,
				919EB433291FE750001E59DF /* LinksViewModel.swift in Sources */,
				91B9980E29140DCA000646C1 /* AppViewModel.swift in Sources */,
				91B9982529140DF2000646C1 /* DailyClockInView.swift in Sources */,
				91B0129929140BB600DE81BE /* CQTalkApp.swift in Sources */,
				9133650529268830001C9763 /* PreferenceViewModel.swift in Sources */,
				91B9982929140DF2000646C1 /* PostsView.swift in Sources */,
				91B9982729140DF2000646C1 /* VideoPlayerView.swift in Sources */,
				914DAF95293CF34600BF0AFA /* HomePageView.swift in Sources */,
				91271C5929339756001F276D /* StuPassCodeViewModel.swift in Sources */,
			);
			runOnlyForDeploymentPostprocessing = 0;
		};
		91B012A229140BB700DE81BE /* Sources */ = {
			isa = PBXSourcesBuildPhase;
			buildActionMask = 2147483647;
			files = (
				91B012AB29140BB700DE81BE /* CQTalkTests.swift in Sources */,
			);
			runOnlyForDeploymentPostprocessing = 0;
		};
		91B012AC29140BB700DE81BE /* Sources */ = {
			isa = PBXSourcesBuildPhase;
			buildActionMask = 2147483647;
			files = (
				91B012B729140BB700DE81BE /* CQTalkUITestsLaunchTests.swift in Sources */,
				91B012B529140BB700DE81BE /* CQTalkUITests.swift in Sources */,
			);
			runOnlyForDeploymentPostprocessing = 0;
		};
/* End PBXSourcesBuildPhase section */

/* Begin PBXTargetDependency section */
		91B012A829140BB700DE81BE /* PBXTargetDependency */ = {
			isa = PBXTargetDependency;
			target = 91B0129429140BB600DE81BE /* CQTalk */;
			targetProxy = 91B012A729140BB700DE81BE /* PBXContainerItemProxy */;
		};
		91B012B229140BB700DE81BE /* PBXTargetDependency */ = {
			isa = PBXTargetDependency;
			target = 91B0129429140BB600DE81BE /* CQTalk */;
			targetProxy = 91B012B129140BB700DE81BE /* PBXContainerItemProxy */;
		};
/* End PBXTargetDependency section */

/* Begin XCBuildConfiguration section */
		91B012B829140BB700DE81BE /* Debug */ = {
			isa = XCBuildConfiguration;
			buildSettings = {
				ALWAYS_SEARCH_USER_PATHS = NO;
				CLANG_ANALYZER_NONNULL = YES;
				CLANG_ANALYZER_NUMBER_OBJECT_CONVERSION = YES_AGGRESSIVE;
				CLANG_CXX_LANGUAGE_STANDARD = "gnu++20";
				CLANG_ENABLE_MODULES = YES;
				CLANG_ENABLE_OBJC_ARC = YES;
				CLANG_ENABLE_OBJC_WEAK = YES;
				CLANG_WARN_BLOCK_CAPTURE_AUTORELEASING = YES;
				CLANG_WARN_BOOL_CONVERSION = YES;
				CLANG_WARN_COMMA = YES;
				CLANG_WARN_CONSTANT_CONVERSION = YES;
				CLANG_WARN_DEPRECATED_OBJC_IMPLEMENTATIONS = YES;
				CLANG_WARN_DIRECT_OBJC_ISA_USAGE = YES_ERROR;
				CLANG_WARN_DOCUMENTATION_COMMENTS = YES;
				CLANG_WARN_EMPTY_BODY = YES;
				CLANG_WARN_ENUM_CONVERSION = YES;
				CLANG_WARN_INFINITE_RECURSION = YES;
				CLANG_WARN_INT_CONVERSION = YES;
				CLANG_WARN_NON_LITERAL_NULL_CONVERSION = YES;
				CLANG_WARN_OBJC_IMPLICIT_RETAIN_SELF = YES;
				CLANG_WARN_OBJC_LITERAL_CONVERSION = YES;
				CLANG_WARN_OBJC_ROOT_CLASS = YES_ERROR;
				CLANG_WARN_QUOTED_INCLUDE_IN_FRAMEWORK_HEADER = YES;
				CLANG_WARN_RANGE_LOOP_ANALYSIS = YES;
				CLANG_WARN_STRICT_PROTOTYPES = YES;
				CLANG_WARN_SUSPICIOUS_MOVE = YES;
				CLANG_WARN_UNGUARDED_AVAILABILITY = YES_AGGRESSIVE;
				CLANG_WARN_UNREACHABLE_CODE = YES;
				CLANG_WARN__DUPLICATE_METHOD_MATCH = YES;
				COPY_PHASE_STRIP = NO;
				DEAD_CODE_STRIPPING = YES;
				DEBUG_INFORMATION_FORMAT = dwarf;
				ENABLE_STRICT_OBJC_MSGSEND = YES;
				ENABLE_TESTABILITY = YES;
				GCC_C_LANGUAGE_STANDARD = gnu11;
				GCC_DYNAMIC_NO_PIC = NO;
				GCC_NO_COMMON_BLOCKS = YES;
				GCC_OPTIMIZATION_LEVEL = 0;
				GCC_PREPROCESSOR_DEFINITIONS = (
					"DEBUG=1",
					"$(inherited)",
				);
				GCC_WARN_64_TO_32_BIT_CONVERSION = YES;
				GCC_WARN_ABOUT_RETURN_TYPE = YES_ERROR;
				GCC_WARN_UNDECLARED_SELECTOR = YES;
				GCC_WARN_UNINITIALIZED_AUTOS = YES_AGGRESSIVE;
				GCC_WARN_UNUSED_FUNCTION = YES;
				GCC_WARN_UNUSED_VARIABLE = YES;
				MTL_ENABLE_DEBUG_INFO = INCLUDE_SOURCE;
				MTL_FAST_MATH = YES;
				ONLY_ACTIVE_ARCH = YES;
				SWIFT_ACTIVE_COMPILATION_CONDITIONS = DEBUG;
				SWIFT_OPTIMIZATION_LEVEL = "-Onone";
			};
			name = Debug;
		};
		91B012B929140BB700DE81BE /* Release */ = {
			isa = XCBuildConfiguration;
			buildSettings = {
				ALWAYS_SEARCH_USER_PATHS = NO;
				CLANG_ANALYZER_NONNULL = YES;
				CLANG_ANALYZER_NUMBER_OBJECT_CONVERSION = YES_AGGRESSIVE;
				CLANG_CXX_LANGUAGE_STANDARD = "gnu++20";
				CLANG_ENABLE_MODULES = YES;
				CLANG_ENABLE_OBJC_ARC = YES;
				CLANG_ENABLE_OBJC_WEAK = YES;
				CLANG_WARN_BLOCK_CAPTURE_AUTORELEASING = YES;
				CLANG_WARN_BOOL_CONVERSION = YES;
				CLANG_WARN_COMMA = YES;
				CLANG_WARN_CONSTANT_CONVERSION = YES;
				CLANG_WARN_DEPRECATED_OBJC_IMPLEMENTATIONS = YES;
				CLANG_WARN_DIRECT_OBJC_ISA_USAGE = YES_ERROR;
				CLANG_WARN_DOCUMENTATION_COMMENTS = YES;
				CLANG_WARN_EMPTY_BODY = YES;
				CLANG_WARN_ENUM_CONVERSION = YES;
				CLANG_WARN_INFINITE_RECURSION = YES;
				CLANG_WARN_INT_CONVERSION = YES;
				CLANG_WARN_NON_LITERAL_NULL_CONVERSION = YES;
				CLANG_WARN_OBJC_IMPLICIT_RETAIN_SELF = YES;
				CLANG_WARN_OBJC_LITERAL_CONVERSION = YES;
				CLANG_WARN_OBJC_ROOT_CLASS = YES_ERROR;
				CLANG_WARN_QUOTED_INCLUDE_IN_FRAMEWORK_HEADER = YES;
				CLANG_WARN_RANGE_LOOP_ANALYSIS = YES;
				CLANG_WARN_STRICT_PROTOTYPES = YES;
				CLANG_WARN_SUSPICIOUS_MOVE = YES;
				CLANG_WARN_UNGUARDED_AVAILABILITY = YES_AGGRESSIVE;
				CLANG_WARN_UNREACHABLE_CODE = YES;
				CLANG_WARN__DUPLICATE_METHOD_MATCH = YES;
				COPY_PHASE_STRIP = NO;
				DEAD_CODE_STRIPPING = YES;
				DEBUG_INFORMATION_FORMAT = "dwarf-with-dsym";
				ENABLE_NS_ASSERTIONS = NO;
				ENABLE_STRICT_OBJC_MSGSEND = YES;
				GCC_C_LANGUAGE_STANDARD = gnu11;
				GCC_NO_COMMON_BLOCKS = YES;
				GCC_WARN_64_TO_32_BIT_CONVERSION = YES;
				GCC_WARN_ABOUT_RETURN_TYPE = YES_ERROR;
				GCC_WARN_UNDECLARED_SELECTOR = YES;
				GCC_WARN_UNINITIALIZED_AUTOS = YES_AGGRESSIVE;
				GCC_WARN_UNUSED_FUNCTION = YES;
				GCC_WARN_UNUSED_VARIABLE = YES;
				MTL_ENABLE_DEBUG_INFO = NO;
				MTL_FAST_MATH = YES;
				SWIFT_COMPILATION_MODE = wholemodule;
				SWIFT_OPTIMIZATION_LEVEL = "-O";
			};
			name = Release;
		};
		91B012BB29140BB700DE81BE /* Debug */ = {
			isa = XCBuildConfiguration;
			buildSettings = {
				ASSETCATALOG_COMPILER_APPICON_NAME = AppIcon;
				ASSETCATALOG_COMPILER_GLOBAL_ACCENT_COLOR_NAME = AccentColor;
				CODE_SIGN_ENTITLEMENTS = CQTalk/CQTalk.entitlements;
				CODE_SIGN_IDENTITY = "-";
				"CODE_SIGN_IDENTITY[sdk=iphoneos*]" = "Apple Development";
				CODE_SIGN_STYLE = Automatic;
				CURRENT_PROJECT_VERSION = 1;
				DEAD_CODE_STRIPPING = YES;
				DEVELOPMENT_ASSET_PATHS = "\"CQTalk/Preview Content\"";
				DEVELOPMENT_TEAM = 24Q962SK3B;
				ENABLE_HARDENED_RUNTIME = YES;
				ENABLE_PREVIEWS = YES;
				GENERATE_INFOPLIST_FILE = YES;
				INFOPLIST_FILE = CQTalk/Info.plist;
				INFOPLIST_KEY_CFBundleDisplayName = "CQ Talk";
				INFOPLIST_KEY_LSApplicationCategoryType = "public.app-category.social-networking";
				"INFOPLIST_KEY_UIApplicationSceneManifest_Generation[sdk=iphoneos*]" = YES;
				"INFOPLIST_KEY_UIApplicationSceneManifest_Generation[sdk=iphonesimulator*]" = YES;
				"INFOPLIST_KEY_UIApplicationSupportsIndirectInputEvents[sdk=iphoneos*]" = YES;
				"INFOPLIST_KEY_UIApplicationSupportsIndirectInputEvents[sdk=iphonesimulator*]" = YES;
				"INFOPLIST_KEY_UILaunchScreen_Generation[sdk=iphoneos*]" = YES;
				"INFOPLIST_KEY_UILaunchScreen_Generation[sdk=iphonesimulator*]" = YES;
				"INFOPLIST_KEY_UIStatusBarStyle[sdk=iphoneos*]" = UIStatusBarStyleDefault;
				"INFOPLIST_KEY_UIStatusBarStyle[sdk=iphonesimulator*]" = UIStatusBarStyleDefault;
				INFOPLIST_KEY_UISupportedInterfaceOrientations = UIInterfaceOrientationPortrait;
				INFOPLIST_KEY_UISupportedInterfaceOrientations_iPad = "UIInterfaceOrientationLandscapeLeft UIInterfaceOrientationLandscapeRight UIInterfaceOrientationPortrait UIInterfaceOrientationPortraitUpsideDown";
				IPHONEOS_DEPLOYMENT_TARGET = 16.0;
				LD_RUNPATH_SEARCH_PATHS = "@executable_path/Frameworks";
				"LD_RUNPATH_SEARCH_PATHS[sdk=macosx*]" = "@executable_path/../Frameworks";
				MACOSX_DEPLOYMENT_TARGET = 13.0;
				MARKETING_VERSION = 1.0;
				PRODUCT_BUNDLE_IDENTIFIER = com.haren724.CQTalk;
				PRODUCT_NAME = "$(TARGET_NAME)";
				SDKROOT = auto;
				SUPPORTED_PLATFORMS = "iphoneos iphonesimulator macosx";
				SWIFT_EMIT_LOC_STRINGS = YES;
				SWIFT_VERSION = 5.0;
				TARGETED_DEVICE_FAMILY = "1,2";
			};
			name = Debug;
		};
		91B012BC29140BB700DE81BE /* Release */ = {
			isa = XCBuildConfiguration;
			buildSettings = {
				ASSETCATALOG_COMPILER_APPICON_NAME = AppIcon;
				ASSETCATALOG_COMPILER_GLOBAL_ACCENT_COLOR_NAME = AccentColor;
				CODE_SIGN_ENTITLEMENTS = CQTalk/CQTalk.entitlements;
				CODE_SIGN_IDENTITY = "-";
				"CODE_SIGN_IDENTITY[sdk=iphoneos*]" = "Apple Development";
				CODE_SIGN_STYLE = Automatic;
				CURRENT_PROJECT_VERSION = 1;
				DEAD_CODE_STRIPPING = YES;
				DEVELOPMENT_ASSET_PATHS = "\"CQTalk/Preview Content\"";
				DEVELOPMENT_TEAM = 24Q962SK3B;
				ENABLE_HARDENED_RUNTIME = YES;
				ENABLE_PREVIEWS = YES;
				GENERATE_INFOPLIST_FILE = YES;
				INFOPLIST_FILE = CQTalk/Info.plist;
				INFOPLIST_KEY_CFBundleDisplayName = "CQ Talk";
				INFOPLIST_KEY_LSApplicationCategoryType = "public.app-category.social-networking";
				"INFOPLIST_KEY_UIApplicationSceneManifest_Generation[sdk=iphoneos*]" = YES;
				"INFOPLIST_KEY_UIApplicationSceneManifest_Generation[sdk=iphonesimulator*]" = YES;
				"INFOPLIST_KEY_UIApplicationSupportsIndirectInputEvents[sdk=iphoneos*]" = YES;
				"INFOPLIST_KEY_UIApplicationSupportsIndirectInputEvents[sdk=iphonesimulator*]" = YES;
				"INFOPLIST_KEY_UILaunchScreen_Generation[sdk=iphoneos*]" = YES;
				"INFOPLIST_KEY_UILaunchScreen_Generation[sdk=iphonesimulator*]" = YES;
				"INFOPLIST_KEY_UIStatusBarStyle[sdk=iphoneos*]" = UIStatusBarStyleDefault;
				"INFOPLIST_KEY_UIStatusBarStyle[sdk=iphonesimulator*]" = UIStatusBarStyleDefault;
				INFOPLIST_KEY_UISupportedInterfaceOrientations = UIInterfaceOrientationPortrait;
				INFOPLIST_KEY_UISupportedInterfaceOrientations_iPad = "UIInterfaceOrientationLandscapeLeft UIInterfaceOrientationLandscapeRight UIInterfaceOrientationPortrait UIInterfaceOrientationPortraitUpsideDown";
				IPHONEOS_DEPLOYMENT_TARGET = 16.0;
				LD_RUNPATH_SEARCH_PATHS = "@executable_path/Frameworks";
				"LD_RUNPATH_SEARCH_PATHS[sdk=macosx*]" = "@executable_path/../Frameworks";
				MACOSX_DEPLOYMENT_TARGET = 13.0;
				MARKETING_VERSION = 1.0;
				PRODUCT_BUNDLE_IDENTIFIER = com.haren724.CQTalk;
				PRODUCT_NAME = "$(TARGET_NAME)";
				SDKROOT = auto;
				SUPPORTED_PLATFORMS = "iphoneos iphonesimulator macosx";
				SWIFT_EMIT_LOC_STRINGS = YES;
				SWIFT_VERSION = 5.0;
				TARGETED_DEVICE_FAMILY = "1,2";
			};
			name = Release;
		};
		91B012BE29140BB700DE81BE /* Debug */ = {
			isa = XCBuildConfiguration;
			buildSettings = {
				ALWAYS_EMBED_SWIFT_STANDARD_LIBRARIES = YES;
				BUNDLE_LOADER = "$(TEST_HOST)";
				CODE_SIGN_STYLE = Automatic;
				CURRENT_PROJECT_VERSION = 1;
				DEAD_CODE_STRIPPING = YES;
				DEVELOPMENT_TEAM = 24Q962SK3B;
				GENERATE_INFOPLIST_FILE = YES;
				IPHONEOS_DEPLOYMENT_TARGET = 16.0;
				MACOSX_DEPLOYMENT_TARGET = 12.3;
				MARKETING_VERSION = 1.0;
				PRODUCT_BUNDLE_IDENTIFIER = com.haren724.CQTalkTests;
				PRODUCT_NAME = "$(TARGET_NAME)";
				SDKROOT = auto;
				SUPPORTED_PLATFORMS = "iphoneos iphonesimulator macosx";
				SWIFT_EMIT_LOC_STRINGS = NO;
				SWIFT_VERSION = 5.0;
				TARGETED_DEVICE_FAMILY = "1,2";
				TEST_HOST = "$(BUILT_PRODUCTS_DIR)/CQTalk.app/$(BUNDLE_EXECUTABLE_FOLDER_PATH)/CQTalk";
			};
			name = Debug;
		};
		91B012BF29140BB700DE81BE /* Release */ = {
			isa = XCBuildConfiguration;
			buildSettings = {
				ALWAYS_EMBED_SWIFT_STANDARD_LIBRARIES = YES;
				BUNDLE_LOADER = "$(TEST_HOST)";
				CODE_SIGN_STYLE = Automatic;
				CURRENT_PROJECT_VERSION = 1;
				DEAD_CODE_STRIPPING = YES;
				DEVELOPMENT_TEAM = 24Q962SK3B;
				GENERATE_INFOPLIST_FILE = YES;
				IPHONEOS_DEPLOYMENT_TARGET = 16.0;
				MACOSX_DEPLOYMENT_TARGET = 12.3;
				MARKETING_VERSION = 1.0;
				PRODUCT_BUNDLE_IDENTIFIER = com.haren724.CQTalkTests;
				PRODUCT_NAME = "$(TARGET_NAME)";
				SDKROOT = auto;
				SUPPORTED_PLATFORMS = "iphoneos iphonesimulator macosx";
				SWIFT_EMIT_LOC_STRINGS = NO;
				SWIFT_VERSION = 5.0;
				TARGETED_DEVICE_FAMILY = "1,2";
				TEST_HOST = "$(BUILT_PRODUCTS_DIR)/CQTalk.app/$(BUNDLE_EXECUTABLE_FOLDER_PATH)/CQTalk";
			};
			name = Release;
		};
		91B012C129140BB700DE81BE /* Debug */ = {
			isa = XCBuildConfiguration;
			buildSettings = {
				ALWAYS_EMBED_SWIFT_STANDARD_LIBRARIES = YES;
				CODE_SIGN_STYLE = Automatic;
				CURRENT_PROJECT_VERSION = 1;
				DEAD_CODE_STRIPPING = YES;
				DEVELOPMENT_TEAM = 24Q962SK3B;
				GENERATE_INFOPLIST_FILE = YES;
				IPHONEOS_DEPLOYMENT_TARGET = 16.0;
				MACOSX_DEPLOYMENT_TARGET = 12.3;
				MARKETING_VERSION = 1.0;
				PRODUCT_BUNDLE_IDENTIFIER = com.haren724.CQTalkUITests;
				PRODUCT_NAME = "$(TARGET_NAME)";
				SDKROOT = auto;
				SUPPORTED_PLATFORMS = "iphoneos iphonesimulator macosx";
				SWIFT_EMIT_LOC_STRINGS = NO;
				SWIFT_VERSION = 5.0;
				TARGETED_DEVICE_FAMILY = "1,2";
				TEST_TARGET_NAME = CQTalk;
			};
			name = Debug;
		};
		91B012C229140BB700DE81BE /* Release */ = {
			isa = XCBuildConfiguration;
			buildSettings = {
				ALWAYS_EMBED_SWIFT_STANDARD_LIBRARIES = YES;
				CODE_SIGN_STYLE = Automatic;
				CURRENT_PROJECT_VERSION = 1;
				DEAD_CODE_STRIPPING = YES;
				DEVELOPMENT_TEAM = 24Q962SK3B;
				GENERATE_INFOPLIST_FILE = YES;
				IPHONEOS_DEPLOYMENT_TARGET = 16.0;
				MACOSX_DEPLOYMENT_TARGET = 12.3;
				MARKETING_VERSION = 1.0;
				PRODUCT_BUNDLE_IDENTIFIER = com.haren724.CQTalkUITests;
				PRODUCT_NAME = "$(TARGET_NAME)";
				SDKROOT = auto;
				SUPPORTED_PLATFORMS = "iphoneos iphonesimulator macosx";
				SWIFT_EMIT_LOC_STRINGS = NO;
				SWIFT_VERSION = 5.0;
				TARGETED_DEVICE_FAMILY = "1,2";
				TEST_TARGET_NAME = CQTalk;
			};
			name = Release;
		};
/* End XCBuildConfiguration section */

/* Begin XCConfigurationList section */
		91B0129029140BB600DE81BE /* Build configuration list for PBXProject "CQTalk" */ = {
			isa = XCConfigurationList;
			buildConfigurations = (
				91B012B829140BB700DE81BE /* Debug */,
				91B012B929140BB700DE81BE /* Release */,
			);
			defaultConfigurationIsVisible = 0;
			defaultConfigurationName = Release;
		};
		91B012BA29140BB700DE81BE /* Build configuration list for PBXNativeTarget "CQTalk" */ = {
			isa = XCConfigurationList;
			buildConfigurations = (
				91B012BB29140BB700DE81BE /* Debug */,
				91B012BC29140BB700DE81BE /* Release */,
			);
			defaultConfigurationIsVisible = 0;
			defaultConfigurationName = Release;
		};
		91B012BD29140BB700DE81BE /* Build configuration list for PBXNativeTarget "CQTalkTests" */ = {
			isa = XCConfigurationList;
			buildConfigurations = (
				91B012BE29140BB700DE81BE /* Debug */,
				91B012BF29140BB700DE81BE /* Release */,
			);
			defaultConfigurationIsVisible = 0;
			defaultConfigurationName = Release;
		};
		91B012C029140BB700DE81BE /* Build configuration list for PBXNativeTarget "CQTalkUITests" */ = {
			isa = XCConfigurationList;
			buildConfigurations = (
				91B012C129140BB700DE81BE /* Debug */,
				91B012C229140BB700DE81BE /* Release */,
			);
			defaultConfigurationIsVisible = 0;
			defaultConfigurationName = Release;
		};
/* End XCConfigurationList section */
	};
	rootObject = 91B0128D29140BB600DE81BE /* Project object */;
}
